
Microsoft Visual Studio Solution File, Format Version 12.00
Project("{FAE04EC0-301F-11D3-BF4B-00C04F79EFBC}") = "LegacyApp.Consumer", "LegacyApp.Consumer\LegacyApp.Consumer.csproj", "{CA784960-75EE-4EB6-808A-A54BAE4A72C5}"
EndProject
Project("{FAE04EC0-301F-11D3-BF4B-00C04F79EFBC}") = "LegacyApp", "LegacyApp\LegacyApp.csproj", "{C0E35137-EE80-4AC9-96E3-E927718A6FAB}"
EndProject
Global
	GlobalSection(SolutionConfigurationPlatforms) = preSolution
		Debug|Any CPU = Debug|Any CPU
		Release|Any CPU = Release|Any CPU
	EndGlobalSection
	GlobalSection(ProjectConfigurationPlatforms) = postSolution
		{CA784960-75EE-4EB6-808A-A54BAE4A72C5}.Debug|Any CPU.ActiveCfg = Debug|Any CPU
		{CA784960-75EE-4EB6-808A-A54BAE4A72C5}.Debug|Any CPU.Build.0 = Debug|Any CPU
		{CA784960-75EE-4EB6-808A-A54BAE4A72C5}.Release|Any CPU.ActiveCfg = Release|Any CPU
		{CA784960-75EE-4EB6-808A-A54BAE4A72C5}.Release|Any CPU.Build.0 = Release|Any CPU
		{C0E35137-EE80-4AC9-96E3-E927718A6FAB}.Debug|Any CPU.ActiveCfg = Debug|Any CPU
		{C0E35137-EE80-4AC9-96E3-E927718A6FAB}.Debug|Any CPU.Build.0 = Debug|Any CPU
		{C0E35137-EE80-4AC9-96E3-E927718A6FAB}.Release|Any CPU.ActiveCfg = Release|Any CPU
		{C0E35137-EE80-4AC9-96E3-E927718A6FAB}.Release|Any CPU.Build.0 = Release|Any CPU
	EndGlobalSection
EndGlobal
